
Microsoft Visual Studio Solution File, Format Version 12.00
# Visual Studio Version 16
VisualStudioVersion = 16.0.31624.102
MinimumVisualStudioVersion = 10.0.40219.1
Project("{FAE04EC0-301F-11D3-BF4B-00C04F79EFBC}") = "Entities", "Entities\Entities.csproj", "{15B1D97D-633F-4223-A7D7-188C494447A5}"
EndProject
Project("{FAE04EC0-301F-11D3-BF4B-00C04F79EFBC}") = "DataAccess", "DataAccess\DataAccess.csproj", "{2B838CFF-4977-4BDF-9272-0C6D3E8FCF7B}"
EndProject
Project("{FAE04EC0-301F-11D3-BF4B-00C04F79EFBC}") = "Business", "Business\Business.csproj", "{DA40B7DD-3448-44B1-84BE-E0C934749A3A}"
EndProject
Project("{FAE04EC0-301F-11D3-BF4B-00C04F79EFBC}") = "TheUI", "TheUI\TheUI.csproj", "{24ACE006-6E5F-42C3-B0BE-BF39CF0C047A}"
EndProject
Global
	GlobalSection(SolutionConfigurationPlatforms) = preSolution
		Debug|Any CPU = Debug|Any CPU
		Release|Any CPU = Release|Any CPU
	EndGlobalSection
	GlobalSection(ProjectConfigurationPlatforms) = postSolution
		{15B1D97D-633F-4223-A7D7-188C494447A5}.Debug|Any CPU.ActiveCfg = Debug|Any CPU
		{15B1D97D-633F-4223-A7D7-188C494447A5}.Debug|Any CPU.Build.0 = Debug|Any CPU
		{15B1D97D-633F-4223-A7D7-188C494447A5}.Release|Any CPU.ActiveCfg = Release|Any CPU
		{15B1D97D-633F-4223-A7D7-188C494447A5}.Release|Any CPU.Build.0 = Release|Any CPU
		{2B838CFF-4977-4BDF-9272-0C6D3E8FCF7B}.Debug|Any CPU.ActiveCfg = Debug|Any CPU
		{2B838CFF-4977-4BDF-9272-0C6D3E8FCF7B}.Debug|Any CPU.Build.0 = Debug|Any CPU
		{2B838CFF-4977-4BDF-9272-0C6D3E8FCF7B}.Release|Any CPU.ActiveCfg = Release|Any CPU
		{2B838CFF-4977-4BDF-9272-0C6D3E8FCF7B}.Release|Any CPU.Build.0 = Release|Any CPU
		{DA40B7DD-3448-44B1-84BE-E0C934749A3A}.Debug|Any CPU.ActiveCfg = Debug|Any CPU
		{DA40B7DD-3448-44B1-84BE-E0C934749A3A}.Debug|Any CPU.Build.0 = Debug|Any CPU
		{DA40B7DD-3448-44B1-84BE-E0C934749A3A}.Release|Any CPU.ActiveCfg = Release|Any CPU
		{DA40B7DD-3448-44B1-84BE-E0C934749A3A}.Release|Any CPU.Build.0 = Release|Any CPU
		{24ACE006-6E5F-42C3-B0BE-BF39CF0C047A}.Debug|Any CPU.ActiveCfg = Debug|Any CPU
		{24ACE006-6E5F-42C3-B0BE-BF39CF0C047A}.Debug|Any CPU.Build.0 = Debug|Any CPU
		{24ACE006-6E5F-42C3-B0BE-BF39CF0C047A}.Release|Any CPU.ActiveCfg = Release|Any CPU
		{24ACE006-6E5F-42C3-B0BE-BF39CF0C047A}.Release|Any CPU.Build.0 = Release|Any CPU
	EndGlobalSection
	GlobalSection(SolutionProperties) = preSolution
		HideSolutionNode = FALSE
	EndGlobalSection
	GlobalSection(ExtensibilityGlobals) = postSolution
		SolutionGuid = {8843A84A-0B72-472F-9990-69B2521F7B66}
	EndGlobalSection
EndGlobal
